// !$*UTF8*$!
{
	archiveVersion = 1;
	classes = {
	};
	objectVersion = 55;
	objects = {

/* Begin PBXBuildFile section */
		A53B3EF92793394E00799BBE /* iw2PackApp.swift in Sources */ = {isa = PBXBuildFile; fileRef = A53B3EF82793394E00799BBE /* iw2PackApp.swift */; };
		A53B3EFB2793394E00799BBE /* ContentView.swift in Sources */ = {isa = PBXBuildFile; fileRef = A53B3EFA2793394E00799BBE /* ContentView.swift */; };
		A53B3EFD2793394F00799BBE /* Assets.xcassets in Resources */ = {isa = PBXBuildFile; fileRef = A53B3EFC2793394F00799BBE /* Assets.xcassets */; };
		A53B3F002793394F00799BBE /* Preview Assets.xcassets in Resources */ = {isa = PBXBuildFile; fileRef = A53B3EFF2793394F00799BBE /* Preview Assets.xcassets */; };
		A53B3F0827933E5300799BBE /* FirebaseAnalytics in Frameworks */ = {isa = PBXBuildFile; productRef = A53B3F0727933E5300799BBE /* FirebaseAnalytics */; };
		A53B3F0A27933E5300799BBE /* FirebaseAnalyticsSwift-Beta in Frameworks */ = {isa = PBXBuildFile; productRef = A53B3F0927933E5300799BBE /* FirebaseAnalyticsSwift-Beta */; };
		A53B3F0C27933E5300799BBE /* FirebaseAuth in Frameworks */ = {isa = PBXBuildFile; productRef = A53B3F0B27933E5300799BBE /* FirebaseAuth */; };
		A53B3F0E27933E5300799BBE /* FirebaseDatabase in Frameworks */ = {isa = PBXBuildFile; productRef = A53B3F0D27933E5300799BBE /* FirebaseDatabase */; };
		A53B3F1027933E5300799BBE /* FirebaseDatabaseSwift-Beta in Frameworks */ = {isa = PBXBuildFile; productRef = A53B3F0F27933E5300799BBE /* FirebaseDatabaseSwift-Beta */; };
		A53B3F1227933E5300799BBE /* FirebaseFirestoreSwift-Beta in Frameworks */ = {isa = PBXBuildFile; productRef = A53B3F1127933E5300799BBE /* FirebaseFirestoreSwift-Beta */; };
		A53B3F1727933FBD00799BBE /* TasksContentView.swift in Sources */ = {isa = PBXBuildFile; fileRef = A53B3F1427933FBD00799BBE /* TasksContentView.swift */; };
		A53B3F1827933FBD00799BBE /* TaskDetailView.swift in Sources */ = {isa = PBXBuildFile; fileRef = A53B3F1527933FBD00799BBE /* TaskDetailView.swift */; };
		A53B3F1927933FBD00799BBE /* Task.swift in Sources */ = {isa = PBXBuildFile; fileRef = A53B3F1627933FBD00799BBE /* Task.swift */; };
		A53B3F222793696700799BBE /* LoginViewModel.swift in Sources */ = {isa = PBXBuildFile; fileRef = A53B3F212793696700799BBE /* LoginViewModel.swift */; };
		A53B3F24279369E400799BBE /* LoginView.swift in Sources */ = {isa = PBXBuildFile; fileRef = A53B3F23279369E400799BBE /* LoginView.swift */; };
		A53B3F2627936AAA00799BBE /* RegisterView.swift in Sources */ = {isa = PBXBuildFile; fileRef = A53B3F2527936AAA00799BBE /* RegisterView.swift */; };
		A53B3F2827936B2D00799BBE /* RegisterViewModel.swift in Sources */ = {isa = PBXBuildFile; fileRef = A53B3F2727936B2D00799BBE /* RegisterViewModel.swift */; };
		A577FC55279F665D00F721BD /* Event.swift in Sources */ = {isa = PBXBuildFile; fileRef = A577FC54279F665D00F721BD /* Event.swift */; };
		A577FC57279F66B900F721BD /* EventViewModel.swift in Sources */ = {isa = PBXBuildFile; fileRef = A577FC56279F66B900F721BD /* EventViewModel.swift */; };
		A577FC59279F679500F721BD /* EventListViewModel.swift in Sources */ = {isa = PBXBuildFile; fileRef = A577FC58279F679500F721BD /* EventListViewModel.swift */; };
		A577FC5B279F6B6B00F721BD /* EventListView.swift in Sources */ = {isa = PBXBuildFile; fileRef = A577FC5A279F6B6B00F721BD /* EventListView.swift */; };
		A577FC5D279F6E8100F721BD /* EventCell.swift in Sources */ = {isa = PBXBuildFile; fileRef = A577FC5C279F6E8100F721BD /* EventCell.swift */; };
		A57A2DEF27B42118001F87E6 /* CheckboxToggleStyle.swift in Sources */ = {isa = PBXBuildFile; fileRef = A57A2DEE27B42118001F87E6 /* CheckboxToggleStyle.swift */; };
		A595AADE27A0D1370008B372 /* Store.swift in Sources */ = {isa = PBXBuildFile; fileRef = A595AADD27A0D1370008B372 /* Store.swift */; };
		A595AAE027A0D1BC0008B372 /* ReduxSample.swift in Sources */ = {isa = PBXBuildFile; fileRef = A595AADF27A0D1BC0008B372 /* ReduxSample.swift */; };
		A5A73CEA2798AA70004AE953 /* ItemListView.swift in Sources */ = {isa = PBXBuildFile; fileRef = A5A73CE92798AA70004AE953 /* ItemListView.swift */; };
		A5A73CEC2798BB52004AE953 /* ItemCell.swift in Sources */ = {isa = PBXBuildFile; fileRef = A5A73CEB2798BB52004AE953 /* ItemCell.swift */; };
		A5AEC8DB2797BCF40072E649 /* View+Extensions.swift in Sources */ = {isa = PBXBuildFile; fileRef = A5AEC8DA2797BCF40072E649 /* View+Extensions.swift */; };
		A5AEC8DF2797C7FD0072E649 /* Item.swift in Sources */ = {isa = PBXBuildFile; fileRef = A5AEC8DE2797C7FD0072E649 /* Item.swift */; };
		A5AEC8E12797C91A0072E649 /* ItemViewModel.swift in Sources */ = {isa = PBXBuildFile; fileRef = A5AEC8E02797C91A0072E649 /* ItemViewModel.swift */; };
		A5BB8711279869870082F903 /* ItemListViewModel.swift in Sources */ = {isa = PBXBuildFile; fileRef = A5BB8710279869870082F903 /* ItemListViewModel.swift */; };
		A5D61EF82796278100B0F0DB /* LoadingView.swift in Sources */ = {isa = PBXBuildFile; fileRef = A5D61EF72796278100B0F0DB /* LoadingView.swift */; };
		A5D61EFC279629D500B0F0DB /* LoginConstants.swift in Sources */ = {isa = PBXBuildFile; fileRef = A5D61EFB279629D500B0F0DB /* LoginConstants.swift */; };
		A5D9A47127B01F1A00E62772 /* FBService.swift in Sources */ = {isa = PBXBuildFile; fileRef = A5D9A47027B01F1A00E62772 /* FBService.swift */; };
		A5DA221727A89B5F0036A96E /* CounterReducer.swift in Sources */ = {isa = PBXBuildFile; fileRef = A5DA221627A89B5F0036A96E /* CounterReducer.swift */; };
		A5DA221927A89B6C0036A96E /* AppReducer.swift in Sources */ = {isa = PBXBuildFile; fileRef = A5DA221827A89B6C0036A96E /* AppReducer.swift */; };
		A5DA221B27A89B770036A96E /* TaskReducer.swift in Sources */ = {isa = PBXBuildFile; fileRef = A5DA221A27A89B770036A96E /* TaskReducer.swift */; };
		A5F2226D2793A0510098D460 /* GoogleService-Info.plist in Resources */ = {isa = PBXBuildFile; fileRef = A5F2226C2793A0510098D460 /* GoogleService-Info.plist */; };
		A5F66DFD27AF195D00491466 /* LogMiddleware.swift in Sources */ = {isa = PBXBuildFile; fileRef = A5F66DFC27AF195D00491466 /* LogMiddleware.swift */; };
		A5F66DFF27AF1AF000491466 /* IncrementMiddleware.swift in Sources */ = {isa = PBXBuildFile; fileRef = A5F66DFE27AF1AF000491466 /* IncrementMiddleware.swift */; };
		A5F66E0227AF25B200491466 /* PackReducer.swift in Sources */ = {isa = PBXBuildFile; fileRef = A5F66E0127AF25B200491466 /* PackReducer.swift */; };
		A5F66E0527AF3B6200491466 /* PackMiddleWare.swift in Sources */ = {isa = PBXBuildFile; fileRef = A5F66E0427AF3B6200491466 /* PackMiddleWare.swift */; };
/* End PBXBuildFile section */

/* Begin PBXFileReference section */
		A53B3EF52793394E00799BBE /* iw2Pack.app */ = {isa = PBXFileReference; explicitFileType = wrapper.application; includeInIndex = 0; path = iw2Pack.app; sourceTree = BUILT_PRODUCTS_DIR; };
		A53B3EF82793394E00799BBE /* iw2PackApp.swift */ = {isa = PBXFileReference; lastKnownFileType = sourcecode.swift; path = iw2PackApp.swift; sourceTree = "<group>"; };
		A53B3EFA2793394E00799BBE /* ContentView.swift */ = {isa = PBXFileReference; lastKnownFileType = sourcecode.swift; path = ContentView.swift; sourceTree = "<group>"; };
		A53B3EFC2793394F00799BBE /* Assets.xcassets */ = {isa = PBXFileReference; lastKnownFileType = folder.assetcatalog; path = Assets.xcassets; sourceTree = "<group>"; };
		A53B3EFF2793394F00799BBE /* Preview Assets.xcassets */ = {isa = PBXFileReference; lastKnownFileType = folder.assetcatalog; path = "Preview Assets.xcassets"; sourceTree = "<group>"; };
		A53B3F1427933FBD00799BBE /* TasksContentView.swift */ = {isa = PBXFileReference; fileEncoding = 4; lastKnownFileType = sourcecode.swift; path = TasksContentView.swift; sourceTree = "<group>"; };
		A53B3F1527933FBD00799BBE /* TaskDetailView.swift */ = {isa = PBXFileReference; fileEncoding = 4; lastKnownFileType = sourcecode.swift; path = TaskDetailView.swift; sourceTree = "<group>"; };
		A53B3F1627933FBD00799BBE /* Task.swift */ = {isa = PBXFileReference; fileEncoding = 4; lastKnownFileType = sourcecode.swift; path = Task.swift; sourceTree = "<group>"; };
		A53B3F212793696700799BBE /* LoginViewModel.swift */ = {isa = PBXFileReference; fileEncoding = 4; lastKnownFileType = sourcecode.swift; path = LoginViewModel.swift; sourceTree = "<group>"; };
		A53B3F23279369E400799BBE /* LoginView.swift */ = {isa = PBXFileReference; fileEncoding = 4; lastKnownFileType = sourcecode.swift; path = LoginView.swift; sourceTree = "<group>"; };
		A53B3F2527936AAA00799BBE /* RegisterView.swift */ = {isa = PBXFileReference; fileEncoding = 4; lastKnownFileType = sourcecode.swift; path = RegisterView.swift; sourceTree = "<group>"; };
		A53B3F2727936B2D00799BBE /* RegisterViewModel.swift */ = {isa = PBXFileReference; fileEncoding = 4; lastKnownFileType = sourcecode.swift; path = RegisterViewModel.swift; sourceTree = "<group>"; };
		A577FC54279F665D00F721BD /* Event.swift */ = {isa = PBXFileReference; lastKnownFileType = sourcecode.swift; path = Event.swift; sourceTree = "<group>"; };
		A577FC56279F66B900F721BD /* EventViewModel.swift */ = {isa = PBXFileReference; lastKnownFileType = sourcecode.swift; path = EventViewModel.swift; sourceTree = "<group>"; };
		A577FC58279F679500F721BD /* EventListViewModel.swift */ = {isa = PBXFileReference; lastKnownFileType = sourcecode.swift; path = EventListViewModel.swift; sourceTree = "<group>"; };
		A577FC5A279F6B6B00F721BD /* EventListView.swift */ = {isa = PBXFileReference; lastKnownFileType = sourcecode.swift; path = EventListView.swift; sourceTree = "<group>"; };
		A577FC5C279F6E8100F721BD /* EventCell.swift */ = {isa = PBXFileReference; lastKnownFileType = sourcecode.swift; path = EventCell.swift; sourceTree = "<group>"; };
		A57A2DEE27B42118001F87E6 /* CheckboxToggleStyle.swift */ = {isa = PBXFileReference; lastKnownFileType = sourcecode.swift; path = CheckboxToggleStyle.swift; sourceTree = "<group>"; };
		A595AADD27A0D1370008B372 /* Store.swift */ = {isa = PBXFileReference; fileEncoding = 4; lastKnownFileType = sourcecode.swift; path = Store.swift; sourceTree = "<group>"; };
		A595AADF27A0D1BC0008B372 /* ReduxSample.swift */ = {isa = PBXFileReference; fileEncoding = 4; lastKnownFileType = sourcecode.swift; path = ReduxSample.swift; sourceTree = "<group>"; };
		A5A73CE92798AA70004AE953 /* ItemListView.swift */ = {isa = PBXFileReference; lastKnownFileType = sourcecode.swift; path = ItemListView.swift; sourceTree = "<group>"; };
		A5A73CEB2798BB52004AE953 /* ItemCell.swift */ = {isa = PBXFileReference; lastKnownFileType = sourcecode.swift; path = ItemCell.swift; sourceTree = "<group>"; };
		A5AEC8DA2797BCF40072E649 /* View+Extensions.swift */ = {isa = PBXFileReference; fileEncoding = 4; lastKnownFileType = sourcecode.swift; path = "View+Extensions.swift"; sourceTree = "<group>"; };
		A5AEC8DE2797C7FD0072E649 /* Item.swift */ = {isa = PBXFileReference; lastKnownFileType = sourcecode.swift; path = Item.swift; sourceTree = "<group>"; };
		A5AEC8E02797C91A0072E649 /* ItemViewModel.swift */ = {isa = PBXFileReference; lastKnownFileType = sourcecode.swift; path = ItemViewModel.swift; sourceTree = "<group>"; };
		A5BB8710279869870082F903 /* ItemListViewModel.swift */ = {isa = PBXFileReference; lastKnownFileType = sourcecode.swift; path = ItemListViewModel.swift; sourceTree = "<group>"; };
		A5D61EF72796278100B0F0DB /* LoadingView.swift */ = {isa = PBXFileReference; fileEncoding = 4; lastKnownFileType = sourcecode.swift; path = LoadingView.swift; sourceTree = "<group>"; };
		A5D61EFB279629D500B0F0DB /* LoginConstants.swift */ = {isa = PBXFileReference; lastKnownFileType = sourcecode.swift; path = LoginConstants.swift; sourceTree = "<group>"; };
		A5D9A47027B01F1A00E62772 /* FBService.swift */ = {isa = PBXFileReference; lastKnownFileType = sourcecode.swift; path = FBService.swift; sourceTree = "<group>"; };
		A5DA221627A89B5F0036A96E /* CounterReducer.swift */ = {isa = PBXFileReference; fileEncoding = 4; lastKnownFileType = sourcecode.swift; path = CounterReducer.swift; sourceTree = "<group>"; };
		A5DA221827A89B6C0036A96E /* AppReducer.swift */ = {isa = PBXFileReference; fileEncoding = 4; lastKnownFileType = sourcecode.swift; path = AppReducer.swift; sourceTree = "<group>"; };
		A5DA221A27A89B770036A96E /* TaskReducer.swift */ = {isa = PBXFileReference; fileEncoding = 4; lastKnownFileType = sourcecode.swift; path = TaskReducer.swift; sourceTree = "<group>"; };
		A5F2226C2793A0510098D460 /* GoogleService-Info.plist */ = {isa = PBXFileReference; fileEncoding = 4; lastKnownFileType = text.plist.xml; path = "GoogleService-Info.plist"; sourceTree = "<group>"; };
		A5F66DFC27AF195D00491466 /* LogMiddleware.swift */ = {isa = PBXFileReference; lastKnownFileType = sourcecode.swift; path = LogMiddleware.swift; sourceTree = "<group>"; };
		A5F66DFE27AF1AF000491466 /* IncrementMiddleware.swift */ = {isa = PBXFileReference; lastKnownFileType = sourcecode.swift; path = IncrementMiddleware.swift; sourceTree = "<group>"; };
		A5F66E0127AF25B200491466 /* PackReducer.swift */ = {isa = PBXFileReference; lastKnownFileType = sourcecode.swift; path = PackReducer.swift; sourceTree = "<group>"; };
		A5F66E0427AF3B6200491466 /* PackMiddleWare.swift */ = {isa = PBXFileReference; lastKnownFileType = sourcecode.swift; path = PackMiddleWare.swift; sourceTree = "<group>"; };
/* End PBXFileReference section */

/* Begin PBXFrameworksBuildPhase section */
		A53B3EF22793394E00799BBE /* Frameworks */ = {
			isa = PBXFrameworksBuildPhase;
			buildActionMask = 2147483647;
			files = (
				A53B3F1027933E5300799BBE /* FirebaseDatabaseSwift-Beta in Frameworks */,
				A53B3F0A27933E5300799BBE /* FirebaseAnalyticsSwift-Beta in Frameworks */,
				A53B3F0C27933E5300799BBE /* FirebaseAuth in Frameworks */,
				A53B3F1227933E5300799BBE /* FirebaseFirestoreSwift-Beta in Frameworks */,
				A53B3F0E27933E5300799BBE /* FirebaseDatabase in Frameworks */,
				A53B3F0827933E5300799BBE /* FirebaseAnalytics in Frameworks */,
			);
			runOnlyForDeploymentPostprocessing = 0;
		};
/* End PBXFrameworksBuildPhase section */

/* Begin PBXGroup section */
		A51A739227B2BA1A00700BF1 /* Deprecated */ = {
			isa = PBXGroup;
			children = (
				A577FC56279F66B900F721BD /* EventViewModel.swift */,
				A577FC58279F679500F721BD /* EventListViewModel.swift */,
			);
			path = Deprecated;
			sourceTree = "<group>";
		};
		A53B3EEC2793394E00799BBE = {
			isa = PBXGroup;
			children = (
				A53B3EF72793394E00799BBE /* iw2Pack */,
				A53B3EF62793394E00799BBE /* Products */,
			);
			sourceTree = "<group>";
		};
		A53B3EF62793394E00799BBE /* Products */ = {
			isa = PBXGroup;
			children = (
				A53B3EF52793394E00799BBE /* iw2Pack.app */,
			);
			name = Products;
			sourceTree = "<group>";
		};
		A53B3EF72793394E00799BBE /* iw2Pack */ = {
			isa = PBXGroup;
			children = (
				A53B3EF82793394E00799BBE /* iw2PackApp.swift */,
				A53B3EFA2793394E00799BBE /* ContentView.swift */,
				A51A739227B2BA1A00700BF1 /* Deprecated */,
				A595AADC27A0D1370008B372 /* Store */,
				A5F2226C2793A0510098D460 /* GoogleService-Info.plist */,
				A53B3F1327933FBD00799BBE /* TaskFBTest */,
				A5AEC8DC2797C5C40072E649 /* ItemLists */,
				A577FC53279F65E200F721BD /* EventLists */,
				A53B3F202793693600799BBE /* Login */,
				A53B3EFC2793394F00799BBE /* Assets.xcassets */,
				A57A2DED27B420D3001F87E6 /* Util */,
				A5AEC8D92797BCD70072E649 /* Extensions */,
				A53B3EFE2793394F00799BBE /* Preview Content */,
			);
			path = iw2Pack;
			sourceTree = "<group>";
		};
		A53B3EFE2793394F00799BBE /* Preview Content */ = {
			isa = PBXGroup;
			children = (
				A53B3EFF2793394F00799BBE /* Preview Assets.xcassets */,
			);
			path = "Preview Content";
			sourceTree = "<group>";
		};
		A53B3F1327933FBD00799BBE /* TaskFBTest */ = {
			isa = PBXGroup;
			children = (
				A53B3F1427933FBD00799BBE /* TasksContentView.swift */,
				A53B3F1527933FBD00799BBE /* TaskDetailView.swift */,
				A53B3F1627933FBD00799BBE /* Task.swift */,
			);
			path = TaskFBTest;
			sourceTree = "<group>";
		};
		A53B3F202793693600799BBE /* Login */ = {
			isa = PBXGroup;
			children = (
				A53B3F2727936B2D00799BBE /* RegisterViewModel.swift */,
				A53B3F2527936AAA00799BBE /* RegisterView.swift */,
				A53B3F23279369E400799BBE /* LoginView.swift */,
				A53B3F212793696700799BBE /* LoginViewModel.swift */,
				A5D61EF72796278100B0F0DB /* LoadingView.swift */,
				A5D61EFB279629D500B0F0DB /* LoginConstants.swift */,
			);
			path = Login;
			sourceTree = "<group>";
		};
		A577FC53279F65E200F721BD /* EventLists */ = {
			isa = PBXGroup;
			children = (
				A577FC54279F665D00F721BD /* Event.swift */,
				A577FC5A279F6B6B00F721BD /* EventListView.swift */,
				A577FC5C279F6E8100F721BD /* EventCell.swift */,
			);
			path = EventLists;
			sourceTree = "<group>";
		};
		A57A2DED27B420D3001F87E6 /* Util */ = {
			isa = PBXGroup;
			children = (
				A57A2DEE27B42118001F87E6 /* CheckboxToggleStyle.swift */,
			);
			path = Util;
			sourceTree = "<group>";
		};
		A595AADC27A0D1370008B372 /* Store */ = {
			isa = PBXGroup;
			children = (
				A5D9A46E27B01E3A00E62772 /* Sample */,
				A5F66E0027AF258900491466 /* Pack */,
				A5F66DFB27AF193D00491466 /* Middlewares */,
				A5DA221827A89B6C0036A96E /* AppReducer.swift */,
				A595AADD27A0D1370008B372 /* Store.swift */,
			);
			path = Store;
			sourceTree = "<group>";
		};
		A5AEC8D92797BCD70072E649 /* Extensions */ = {
			isa = PBXGroup;
			children = (
				A5AEC8DA2797BCF40072E649 /* View+Extensions.swift */,
			);
			path = Extensions;
			sourceTree = "<group>";
		};
		A5AEC8DC2797C5C40072E649 /* ItemLists */ = {
			isa = PBXGroup;
			children = (
				A5AEC8DE2797C7FD0072E649 /* Item.swift */,
				A5AEC8E02797C91A0072E649 /* ItemViewModel.swift */,
				A5BB8710279869870082F903 /* ItemListViewModel.swift */,
				A5A73CE92798AA70004AE953 /* ItemListView.swift */,
				A5A73CEB2798BB52004AE953 /* ItemCell.swift */,
			);
			path = ItemLists;
			sourceTree = "<group>";
		};
		A5D9A46E27B01E3A00E62772 /* Sample */ = {
			isa = PBXGroup;
			children = (
				A5DA221627A89B5F0036A96E /* CounterReducer.swift */,
				A595AADF27A0D1BC0008B372 /* ReduxSample.swift */,
				A5DA221A27A89B770036A96E /* TaskReducer.swift */,
			);
			path = Sample;
			sourceTree = "<group>";
		};
		A5D9A46F27B01E8F00E62772 /* Services */ = {
			isa = PBXGroup;
			children = (
				A5D9A47027B01F1A00E62772 /* FBService.swift */,
			);
			path = Services;
			sourceTree = "<group>";
		};
		A5F66DFB27AF193D00491466 /* Middlewares */ = {
			isa = PBXGroup;
			children = (
				A5F66DFC27AF195D00491466 /* LogMiddleware.swift */,
				A5F66DFE27AF1AF000491466 /* IncrementMiddleware.swift */,
			);
			path = Middlewares;
			sourceTree = "<group>";
		};
		A5F66E0027AF258900491466 /* Pack */ = {
			isa = PBXGroup;
			children = (
				A5D9A46F27B01E8F00E62772 /* Services */,
				A5F66E0327AF3B3E00491466 /* Middlewares */,
				A5F66E0127AF25B200491466 /* PackReducer.swift */,
			);
			path = Pack;
			sourceTree = "<group>";
		};
		A5F66E0327AF3B3E00491466 /* Middlewares */ = {
			isa = PBXGroup;
			children = (
				A5F66E0427AF3B6200491466 /* PackMiddleWare.swift */,
			);
			path = Middlewares;
			sourceTree = "<group>";
		};
/* End PBXGroup section */

/* Begin PBXNativeTarget section */
		A53B3EF42793394E00799BBE /* iw2Pack */ = {
			isa = PBXNativeTarget;
			buildConfigurationList = A53B3F032793394F00799BBE /* Build configuration list for PBXNativeTarget "iw2Pack" */;
			buildPhases = (
				A53B3EF12793394E00799BBE /* Sources */,
				A53B3EF22793394E00799BBE /* Frameworks */,
				A53B3EF32793394E00799BBE /* Resources */,
			);
			buildRules = (
			);
			dependencies = (
			);
			name = iw2Pack;
			packageProductDependencies = (
				A53B3F0727933E5300799BBE /* FirebaseAnalytics */,
				A53B3F0927933E5300799BBE /* FirebaseAnalyticsSwift-Beta */,
				A53B3F0B27933E5300799BBE /* FirebaseAuth */,
				A53B3F0D27933E5300799BBE /* FirebaseDatabase */,
				A53B3F0F27933E5300799BBE /* FirebaseDatabaseSwift-Beta */,
				A53B3F1127933E5300799BBE /* FirebaseFirestoreSwift-Beta */,
			);
			productName = iw2Pack;
			productReference = A53B3EF52793394E00799BBE /* iw2Pack.app */;
			productType = "com.apple.product-type.application";
		};
/* End PBXNativeTarget section */

/* Begin PBXProject section */
		A53B3EED2793394E00799BBE /* Project object */ = {
			isa = PBXProject;
			attributes = {
				BuildIndependentTargetsInParallel = 1;
				LastSwiftUpdateCheck = 1320;
				LastUpgradeCheck = 1320;
				TargetAttributes = {
					A53B3EF42793394E00799BBE = {
						CreatedOnToolsVersion = 13.2.1;
					};
				};
			};
			buildConfigurationList = A53B3EF02793394E00799BBE /* Build configuration list for PBXProject "iw2Pack" */;
			compatibilityVersion = "Xcode 13.0";
			developmentRegion = en;
			hasScannedForEncodings = 0;
			knownRegions = (
				en,
				Base,
			);
			mainGroup = A53B3EEC2793394E00799BBE;
			packageReferences = (
				A53B3F0627933E5300799BBE /* XCRemoteSwiftPackageReference "firebase-ios-sdk" */,
			);
			productRefGroup = A53B3EF62793394E00799BBE /* Products */;
			projectDirPath = "";
			projectRoot = "";
			targets = (
				A53B3EF42793394E00799BBE /* iw2Pack */,
			);
		};
/* End PBXProject section */

/* Begin PBXResourcesBuildPhase section */
		A53B3EF32793394E00799BBE /* Resources */ = {
			isa = PBXResourcesBuildPhase;
			buildActionMask = 2147483647;
			files = (
				A53B3F002793394F00799BBE /* Preview Assets.xcassets in Resources */,
				A53B3EFD2793394F00799BBE /* Assets.xcassets in Resources */,
				A5F2226D2793A0510098D460 /* GoogleService-Info.plist in Resources */,
			);
			runOnlyForDeploymentPostprocessing = 0;
		};
/* End PBXResourcesBuildPhase section */

/* Begin PBXSourcesBuildPhase section */
		A53B3EF12793394E00799BBE /* Sources */ = {
			isa = PBXSourcesBuildPhase;
			buildActionMask = 2147483647;
			files = (
				A5F66E0527AF3B6200491466 /* PackMiddleWare.swift in Sources */,
				A53B3F1827933FBD00799BBE /* TaskDetailView.swift in Sources */,
				A595AAE027A0D1BC0008B372 /* ReduxSample.swift in Sources */,
				A53B3F24279369E400799BBE /* LoginView.swift in Sources */,
				A5DA221927A89B6C0036A96E /* AppReducer.swift in Sources */,
				A577FC59279F679500F721BD /* EventListViewModel.swift in Sources */,
				A5F66E0227AF25B200491466 /* PackReducer.swift in Sources */,
				A5F66DFD27AF195D00491466 /* LogMiddleware.swift in Sources */,
				A595AADE27A0D1370008B372 /* Store.swift in Sources */,
				A53B3EFB2793394E00799BBE /* ContentView.swift in Sources */,
				A5AEC8E12797C91A0072E649 /* ItemViewModel.swift in Sources */,
				A53B3F222793696700799BBE /* LoginViewModel.swift in Sources */,
				A5A73CEC2798BB52004AE953 /* ItemCell.swift in Sources */,
				A53B3F1927933FBD00799BBE /* Task.swift in Sources */,
				A577FC55279F665D00F721BD /* Event.swift in Sources */,
				A577FC5D279F6E8100F721BD /* EventCell.swift in Sources */,
				A53B3F2627936AAA00799BBE /* RegisterView.swift in Sources */,
				A5A73CEA2798AA70004AE953 /* ItemListView.swift in Sources */,
				A5BB8711279869870082F903 /* ItemListViewModel.swift in Sources */,
				A5D9A47127B01F1A00E62772 /* FBService.swift in Sources */,
				A577FC57279F66B900F721BD /* EventViewModel.swift in Sources */,
				A53B3F1727933FBD00799BBE /* TasksContentView.swift in Sources */,
				A5AEC8DF2797C7FD0072E649 /* Item.swift in Sources */,
				A5DA221727A89B5F0036A96E /* CounterReducer.swift in Sources */,
				A53B3F2827936B2D00799BBE /* RegisterViewModel.swift in Sources */,
				A57A2DEF27B42118001F87E6 /* CheckboxToggleStyle.swift in Sources */,
				A5D61EFC279629D500B0F0DB /* LoginConstants.swift in Sources */,
				A5D61EF82796278100B0F0DB /* LoadingView.swift in Sources */,
				A577FC5B279F6B6B00F721BD /* EventListView.swift in Sources */,
				A5DA221B27A89B770036A96E /* TaskReducer.swift in Sources */,
				A5AEC8DB2797BCF40072E649 /* View+Extensions.swift in Sources */,
				A53B3EF92793394E00799BBE /* iw2PackApp.swift in Sources */,
				A5F66DFF27AF1AF000491466 /* IncrementMiddleware.swift in Sources */,
			);
			runOnlyForDeploymentPostprocessing = 0;
		};
/* End PBXSourcesBuildPhase section */

/* Begin XCBuildConfiguration section */
		A53B3F012793394F00799BBE /* Debug */ = {
			isa = XCBuildConfiguration;
			buildSettings = {
				ALWAYS_SEARCH_USER_PATHS = NO;
				CLANG_ANALYZER_NONNULL = YES;
				CLANG_ANALYZER_NUMBER_OBJECT_CONVERSION = YES_AGGRESSIVE;
				CLANG_CXX_LANGUAGE_STANDARD = "gnu++17";
				CLANG_CXX_LIBRARY = "libc++";
				CLANG_ENABLE_MODULES = YES;
				CLANG_ENABLE_OBJC_ARC = YES;
				CLANG_ENABLE_OBJC_WEAK = YES;
				CLANG_WARN_BLOCK_CAPTURE_AUTORELEASING = YES;
				CLANG_WARN_BOOL_CONVERSION = YES;
				CLANG_WARN_COMMA = YES;
				CLANG_WARN_CONSTANT_CONVERSION = YES;
				CLANG_WARN_DEPRECATED_OBJC_IMPLEMENTATIONS = YES;
				CLANG_WARN_DIRECT_OBJC_ISA_USAGE = YES_ERROR;
				CLANG_WARN_DOCUMENTATION_COMMENTS = YES;
				CLANG_WARN_EMPTY_BODY = YES;
				CLANG_WARN_ENUM_CONVERSION = YES;
				CLANG_WARN_INFINITE_RECURSION = YES;
				CLANG_WARN_INT_CONVERSION = YES;
				CLANG_WARN_NON_LITERAL_NULL_CONVERSION = YES;
				CLANG_WARN_OBJC_IMPLICIT_RETAIN_SELF = YES;
				CLANG_WARN_OBJC_LITERAL_CONVERSION = YES;
				CLANG_WARN_OBJC_ROOT_CLASS = YES_ERROR;
				CLANG_WARN_QUOTED_INCLUDE_IN_FRAMEWORK_HEADER = YES;
				CLANG_WARN_RANGE_LOOP_ANALYSIS = YES;
				CLANG_WARN_STRICT_PROTOTYPES = YES;
				CLANG_WARN_SUSPICIOUS_MOVE = YES;
				CLANG_WARN_UNGUARDED_AVAILABILITY = YES_AGGRESSIVE;
				CLANG_WARN_UNREACHABLE_CODE = YES;
				CLANG_WARN__DUPLICATE_METHOD_MATCH = YES;
				COPY_PHASE_STRIP = NO;
				DEBUG_INFORMATION_FORMAT = dwarf;
				ENABLE_STRICT_OBJC_MSGSEND = YES;
				ENABLE_TESTABILITY = YES;
				GCC_C_LANGUAGE_STANDARD = gnu11;
				GCC_DYNAMIC_NO_PIC = NO;
				GCC_NO_COMMON_BLOCKS = YES;
				GCC_OPTIMIZATION_LEVEL = 0;
				GCC_PREPROCESSOR_DEFINITIONS = (
					"DEBUG=1",
					"$(inherited)",
				);
				GCC_WARN_64_TO_32_BIT_CONVERSION = YES;
				GCC_WARN_ABOUT_RETURN_TYPE = YES_ERROR;
				GCC_WARN_UNDECLARED_SELECTOR = YES;
				GCC_WARN_UNINITIALIZED_AUTOS = YES_AGGRESSIVE;
				GCC_WARN_UNUSED_FUNCTION = YES;
				GCC_WARN_UNUSED_VARIABLE = YES;
				IPHONEOS_DEPLOYMENT_TARGET = 15.2;
				MTL_ENABLE_DEBUG_INFO = INCLUDE_SOURCE;
				MTL_FAST_MATH = YES;
				ONLY_ACTIVE_ARCH = YES;
				SDKROOT = iphoneos;
				SWIFT_ACTIVE_COMPILATION_CONDITIONS = DEBUG;
				SWIFT_OPTIMIZATION_LEVEL = "-Onone";
			};
			name = Debug;
		};
		A53B3F022793394F00799BBE /* Release */ = {
			isa = XCBuildConfiguration;
			buildSettings = {
				ALWAYS_SEARCH_USER_PATHS = NO;
				CLANG_ANALYZER_NONNULL = YES;
				CLANG_ANALYZER_NUMBER_OBJECT_CONVERSION = YES_AGGRESSIVE;
				CLANG_CXX_LANGUAGE_STANDARD = "gnu++17";
				CLANG_CXX_LIBRARY = "libc++";
				CLANG_ENABLE_MODULES = YES;
				CLANG_ENABLE_OBJC_ARC = YES;
				CLANG_ENABLE_OBJC_WEAK = YES;
				CLANG_WARN_BLOCK_CAPTURE_AUTORELEASING = YES;
				CLANG_WARN_BOOL_CONVERSION = YES;
				CLANG_WARN_COMMA = YES;
				CLANG_WARN_CONSTANT_CONVERSION = YES;
				CLANG_WARN_DEPRECATED_OBJC_IMPLEMENTATIONS = YES;
				CLANG_WARN_DIRECT_OBJC_ISA_USAGE = YES_ERROR;
				CLANG_WARN_DOCUMENTATION_COMMENTS = YES;
				CLANG_WARN_EMPTY_BODY = YES;
				CLANG_WARN_ENUM_CONVERSION = YES;
				CLANG_WARN_INFINITE_RECURSION = YES;
				CLANG_WARN_INT_CONVERSION = YES;
				CLANG_WARN_NON_LITERAL_NULL_CONVERSION = YES;
				CLANG_WARN_OBJC_IMPLICIT_RETAIN_SELF = YES;
				CLANG_WARN_OBJC_LITERAL_CONVERSION = YES;
				CLANG_WARN_OBJC_ROOT_CLASS = YES_ERROR;
				CLANG_WARN_QUOTED_INCLUDE_IN_FRAMEWORK_HEADER = YES;
				CLANG_WARN_RANGE_LOOP_ANALYSIS = YES;
				CLANG_WARN_STRICT_PROTOTYPES = YES;
				CLANG_WARN_SUSPICIOUS_MOVE = YES;
				CLANG_WARN_UNGUARDED_AVAILABILITY = YES_AGGRESSIVE;
				CLANG_WARN_UNREACHABLE_CODE = YES;
				CLANG_WARN__DUPLICATE_METHOD_MATCH = YES;
				COPY_PHASE_STRIP = NO;
				DEBUG_INFORMATION_FORMAT = "dwarf-with-dsym";
				ENABLE_NS_ASSERTIONS = NO;
				ENABLE_STRICT_OBJC_MSGSEND = YES;
				GCC_C_LANGUAGE_STANDARD = gnu11;
				GCC_NO_COMMON_BLOCKS = YES;
				GCC_WARN_64_TO_32_BIT_CONVERSION = YES;
				GCC_WARN_ABOUT_RETURN_TYPE = YES_ERROR;
				GCC_WARN_UNDECLARED_SELECTOR = YES;
				GCC_WARN_UNINITIALIZED_AUTOS = YES_AGGRESSIVE;
				GCC_WARN_UNUSED_FUNCTION = YES;
				GCC_WARN_UNUSED_VARIABLE = YES;
				IPHONEOS_DEPLOYMENT_TARGET = 15.2;
				MTL_ENABLE_DEBUG_INFO = NO;
				MTL_FAST_MATH = YES;
				SDKROOT = iphoneos;
				SWIFT_COMPILATION_MODE = wholemodule;
				SWIFT_OPTIMIZATION_LEVEL = "-O";
				VALIDATE_PRODUCT = YES;
			};
			name = Release;
		};
		A53B3F042793394F00799BBE /* Debug */ = {
			isa = XCBuildConfiguration;
			buildSettings = {
				ASSETCATALOG_COMPILER_APPICON_NAME = AppIcon;
				ASSETCATALOG_COMPILER_GLOBAL_ACCENT_COLOR_NAME = AccentColor;
				CODE_SIGN_STYLE = Automatic;
				CURRENT_PROJECT_VERSION = 1;
				DEVELOPMENT_ASSET_PATHS = "\"iw2Pack/Preview Content\"";
				DEVELOPMENT_TEAM = WM9Y6XVZYN;
				ENABLE_PREVIEWS = YES;
				GENERATE_INFOPLIST_FILE = YES;
				INFOPLIST_KEY_UIApplicationSceneManifest_Generation = YES;
				INFOPLIST_KEY_UIApplicationSupportsIndirectInputEvents = YES;
				INFOPLIST_KEY_UILaunchScreen_Generation = YES;
				INFOPLIST_KEY_UISupportedInterfaceOrientations_iPad = "UIInterfaceOrientationPortrait UIInterfaceOrientationPortraitUpsideDown UIInterfaceOrientationLandscapeLeft UIInterfaceOrientationLandscapeRight";
				INFOPLIST_KEY_UISupportedInterfaceOrientations_iPhone = "UIInterfaceOrientationPortrait UIInterfaceOrientationLandscapeLeft UIInterfaceOrientationLandscapeRight";
				LD_RUNPATH_SEARCH_PATHS = (
					"$(inherited)",
					"@executable_path/Frameworks",
				);
				MARKETING_VERSION = 1.0;
				PRODUCT_BUNDLE_IDENTIFIER = com.isyet.iw2Pack;
				PRODUCT_NAME = "$(TARGET_NAME)";
				SWIFT_EMIT_LOC_STRINGS = YES;
				SWIFT_VERSION = 5.0;
				TARGETED_DEVICE_FAMILY = "1,2";
			};
			name = Debug;
		};
		A53B3F052793394F00799BBE /* Release */ = {
			isa = XCBuildConfiguration;
			buildSettings = {
				ASSETCATALOG_COMPILER_APPICON_NAME = AppIcon;
				ASSETCATALOG_COMPILER_GLOBAL_ACCENT_COLOR_NAME = AccentColor;
				CODE_SIGN_STYLE = Automatic;
				CURRENT_PROJECT_VERSION = 1;
				DEVELOPMENT_ASSET_PATHS = "\"iw2Pack/Preview Content\"";
				DEVELOPMENT_TEAM = WM9Y6XVZYN;
				ENABLE_PREVIEWS = YES;
				GENERATE_INFOPLIST_FILE = YES;
				INFOPLIST_KEY_UIApplicationSceneManifest_Generation = YES;
				INFOPLIST_KEY_UIApplicationSupportsIndirectInputEvents = YES;
				INFOPLIST_KEY_UILaunchScreen_Generation = YES;
				INFOPLIST_KEY_UISupportedInterfaceOrientations_iPad = "UIInterfaceOrientationPortrait UIInterfaceOrientationPortraitUpsideDown UIInterfaceOrientationLandscapeLeft UIInterfaceOrientationLandscapeRight";
				INFOPLIST_KEY_UISupportedInterfaceOrientations_iPhone = "UIInterfaceOrientationPortrait UIInterfaceOrientationLandscapeLeft UIInterfaceOrientationLandscapeRight";
				LD_RUNPATH_SEARCH_PATHS = (
					"$(inherited)",
					"@executable_path/Frameworks",
				);
				MARKETING_VERSION = 1.0;
				PRODUCT_BUNDLE_IDENTIFIER = com.isyet.iw2Pack;
				PRODUCT_NAME = "$(TARGET_NAME)";
				SWIFT_EMIT_LOC_STRINGS = YES;
				SWIFT_VERSION = 5.0;
				TARGETED_DEVICE_FAMILY = "1,2";
			};
			name = Release;
		};
/* End XCBuildConfiguration section */

/* Begin XCConfigurationList section */
		A53B3EF02793394E00799BBE /* Build configuration list for PBXProject "iw2Pack" */ = {
			isa = XCConfigurationList;
			buildConfigurations = (
				A53B3F012793394F00799BBE /* Debug */,
				A53B3F022793394F00799BBE /* Release */,
			);
			defaultConfigurationIsVisible = 0;
			defaultConfigurationName = Release;
		};
		A53B3F032793394F00799BBE /* Build configuration list for PBXNativeTarget "iw2Pack" */ = {
			isa = XCConfigurationList;
			buildConfigurations = (
				A53B3F042793394F00799BBE /* Debug */,
				A53B3F052793394F00799BBE /* Release */,
			);
			defaultConfigurationIsVisible = 0;
			defaultConfigurationName = Release;
		};
/* End XCConfigurationList section */

/* Begin XCRemoteSwiftPackageReference section */
		A53B3F0627933E5300799BBE /* XCRemoteSwiftPackageReference "firebase-ios-sdk" */ = {
			isa = XCRemoteSwiftPackageReference;
			repositoryURL = "https://github.com/firebase/firebase-ios-sdk.git";
			requirement = {
				branch = master;
				kind = branch;
			};
		};
/* End XCRemoteSwiftPackageReference section */

/* Begin XCSwiftPackageProductDependency section */
		A53B3F0727933E5300799BBE /* FirebaseAnalytics */ = {
			isa = XCSwiftPackageProductDependency;
			package = A53B3F0627933E5300799BBE /* XCRemoteSwiftPackageReference "firebase-ios-sdk" */;
			productName = FirebaseAnalytics;
		};
		A53B3F0927933E5300799BBE /* FirebaseAnalyticsSwift-Beta */ = {
			isa = XCSwiftPackageProductDependency;
			package = A53B3F0627933E5300799BBE /* XCRemoteSwiftPackageReference "firebase-ios-sdk" */;
			productName = "FirebaseAnalyticsSwift-Beta";
		};
		A53B3F0B27933E5300799BBE /* FirebaseAuth */ = {
			isa = XCSwiftPackageProductDependency;
			package = A53B3F0627933E5300799BBE /* XCRemoteSwiftPackageReference "firebase-ios-sdk" */;
			productName = FirebaseAuth;
		};
		A53B3F0D27933E5300799BBE /* FirebaseDatabase */ = {
			isa = XCSwiftPackageProductDependency;
			package = A53B3F0627933E5300799BBE /* XCRemoteSwiftPackageReference "firebase-ios-sdk" */;
			productName = FirebaseDatabase;
		};
		A53B3F0F27933E5300799BBE /* FirebaseDatabaseSwift-Beta */ = {
			isa = XCSwiftPackageProductDependency;
			package = A53B3F0627933E5300799BBE /* XCRemoteSwiftPackageReference "firebase-ios-sdk" */;
			productName = "FirebaseDatabaseSwift-Beta";
		};
		A53B3F1127933E5300799BBE /* FirebaseFirestoreSwift-Beta */ = {
			isa = XCSwiftPackageProductDependency;
			package = A53B3F0627933E5300799BBE /* XCRemoteSwiftPackageReference "firebase-ios-sdk" */;
			productName = "FirebaseFirestoreSwift-Beta";
		};
/* End XCSwiftPackageProductDependency section */
	};
	rootObject = A53B3EED2793394E00799BBE /* Project object */;
}
