// !$*UTF8*$!
{
	archiveVersion = 1;
	classes = {
	};
	objectVersion = 55;
	objects = {

/* Begin PBXBuildFile section */
		A509B0722794EB6800823FF3 /* FungiListViewModel.swift in Sources */ = {isa = PBXBuildFile; fileRef = A509B0712794EB6800823FF3 /* FungiListViewModel.swift */; };
		A509B0742794EB7E00823FF3 /* FungiViewModel.swift in Sources */ = {isa = PBXBuildFile; fileRef = A509B0732794EB7E00823FF3 /* FungiViewModel.swift */; };
		A509B0762794EB8B00823FF3 /* FungiListView.swift in Sources */ = {isa = PBXBuildFile; fileRef = A509B0752794EB8B00823FF3 /* FungiListView.swift */; };
		A53B3EF92793394E00799BBE /* iw2PackApp.swift in Sources */ = {isa = PBXBuildFile; fileRef = A53B3EF82793394E00799BBE /* iw2PackApp.swift */; };
		A53B3EFB2793394E00799BBE /* ContentView.swift in Sources */ = {isa = PBXBuildFile; fileRef = A53B3EFA2793394E00799BBE /* ContentView.swift */; };
		A53B3EFD2793394F00799BBE /* Assets.xcassets in Resources */ = {isa = PBXBuildFile; fileRef = A53B3EFC2793394F00799BBE /* Assets.xcassets */; };
		A53B3F002793394F00799BBE /* Preview Assets.xcassets in Resources */ = {isa = PBXBuildFile; fileRef = A53B3EFF2793394F00799BBE /* Preview Assets.xcassets */; };
		A53B3F0827933E5300799BBE /* FirebaseAnalytics in Frameworks */ = {isa = PBXBuildFile; productRef = A53B3F0727933E5300799BBE /* FirebaseAnalytics */; };
		A53B3F0A27933E5300799BBE /* FirebaseAnalyticsSwift-Beta in Frameworks */ = {isa = PBXBuildFile; productRef = A53B3F0927933E5300799BBE /* FirebaseAnalyticsSwift-Beta */; };
		A53B3F0C27933E5300799BBE /* FirebaseAuth in Frameworks */ = {isa = PBXBuildFile; productRef = A53B3F0B27933E5300799BBE /* FirebaseAuth */; };
		A53B3F0E27933E5300799BBE /* FirebaseDatabase in Frameworks */ = {isa = PBXBuildFile; productRef = A53B3F0D27933E5300799BBE /* FirebaseDatabase */; };
		A53B3F1027933E5300799BBE /* FirebaseDatabaseSwift-Beta in Frameworks */ = {isa = PBXBuildFile; productRef = A53B3F0F27933E5300799BBE /* FirebaseDatabaseSwift-Beta */; };
		A53B3F1227933E5300799BBE /* FirebaseFirestoreSwift-Beta in Frameworks */ = {isa = PBXBuildFile; productRef = A53B3F1127933E5300799BBE /* FirebaseFirestoreSwift-Beta */; };
		A53B3F1727933FBD00799BBE /* TasksContentView.swift in Sources */ = {isa = PBXBuildFile; fileRef = A53B3F1427933FBD00799BBE /* TasksContentView.swift */; };
		A53B3F1827933FBD00799BBE /* TaskDetailView.swift in Sources */ = {isa = PBXBuildFile; fileRef = A53B3F1527933FBD00799BBE /* TaskDetailView.swift */; };
		A53B3F1927933FBD00799BBE /* Task.swift in Sources */ = {isa = PBXBuildFile; fileRef = A53B3F1627933FBD00799BBE /* Task.swift */; };
		A53B3F222793696700799BBE /* LoginViewModel.swift in Sources */ = {isa = PBXBuildFile; fileRef = A53B3F212793696700799BBE /* LoginViewModel.swift */; };
		A53B3F24279369E400799BBE /* LoginView.swift in Sources */ = {isa = PBXBuildFile; fileRef = A53B3F23279369E400799BBE /* LoginView.swift */; };
		A53B3F2627936AAA00799BBE /* RegisterView.swift in Sources */ = {isa = PBXBuildFile; fileRef = A53B3F2527936AAA00799BBE /* RegisterView.swift */; };
		A53B3F2827936B2D00799BBE /* RegisterViewModel.swift in Sources */ = {isa = PBXBuildFile; fileRef = A53B3F2727936B2D00799BBE /* RegisterViewModel.swift */; };
		A5F2226D2793A0510098D460 /* GoogleService-Info.plist in Resources */ = {isa = PBXBuildFile; fileRef = A5F2226C2793A0510098D460 /* GoogleService-Info.plist */; };
/* End PBXBuildFile section */

/* Begin PBXFileReference section */
		A509B0712794EB6800823FF3 /* FungiListViewModel.swift */ = {isa = PBXFileReference; fileEncoding = 4; lastKnownFileType = sourcecode.swift; path = FungiListViewModel.swift; sourceTree = "<group>"; };
		A509B0732794EB7E00823FF3 /* FungiViewModel.swift */ = {isa = PBXFileReference; fileEncoding = 4; lastKnownFileType = sourcecode.swift; path = FungiViewModel.swift; sourceTree = "<group>"; };
		A509B0752794EB8B00823FF3 /* FungiListView.swift */ = {isa = PBXFileReference; fileEncoding = 4; lastKnownFileType = sourcecode.swift; path = FungiListView.swift; sourceTree = "<group>"; };
		A53B3EF52793394E00799BBE /* iw2Pack.app */ = {isa = PBXFileReference; explicitFileType = wrapper.application; includeInIndex = 0; path = iw2Pack.app; sourceTree = BUILT_PRODUCTS_DIR; };
		A53B3EF82793394E00799BBE /* iw2PackApp.swift */ = {isa = PBXFileReference; lastKnownFileType = sourcecode.swift; path = iw2PackApp.swift; sourceTree = "<group>"; };
		A53B3EFA2793394E00799BBE /* ContentView.swift */ = {isa = PBXFileReference; lastKnownFileType = sourcecode.swift; path = ContentView.swift; sourceTree = "<group>"; };
		A53B3EFC2793394F00799BBE /* Assets.xcassets */ = {isa = PBXFileReference; lastKnownFileType = folder.assetcatalog; path = Assets.xcassets; sourceTree = "<group>"; };
		A53B3EFF2793394F00799BBE /* Preview Assets.xcassets */ = {isa = PBXFileReference; lastKnownFileType = folder.assetcatalog; path = "Preview Assets.xcassets"; sourceTree = "<group>"; };
		A53B3F1427933FBD00799BBE /* TasksContentView.swift */ = {isa = PBXFileReference; fileEncoding = 4; lastKnownFileType = sourcecode.swift; path = TasksContentView.swift; sourceTree = "<group>"; };
		A53B3F1527933FBD00799BBE /* TaskDetailView.swift */ = {isa = PBXFileReference; fileEncoding = 4; lastKnownFileType = sourcecode.swift; path = TaskDetailView.swift; sourceTree = "<group>"; };
		A53B3F1627933FBD00799BBE /* Task.swift */ = {isa = PBXFileReference; fileEncoding = 4; lastKnownFileType = sourcecode.swift; path = Task.swift; sourceTree = "<group>"; };
		A53B3F212793696700799BBE /* LoginViewModel.swift */ = {isa = PBXFileReference; fileEncoding = 4; lastKnownFileType = sourcecode.swift; path = LoginViewModel.swift; sourceTree = "<group>"; };
		A53B3F23279369E400799BBE /* LoginView.swift */ = {isa = PBXFileReference; fileEncoding = 4; lastKnownFileType = sourcecode.swift; path = LoginView.swift; sourceTree = "<group>"; };
		A53B3F2527936AAA00799BBE /* RegisterView.swift */ = {isa = PBXFileReference; fileEncoding = 4; lastKnownFileType = sourcecode.swift; path = RegisterView.swift; sourceTree = "<group>"; };
		A53B3F2727936B2D00799BBE /* RegisterViewModel.swift */ = {isa = PBXFileReference; fileEncoding = 4; lastKnownFileType = sourcecode.swift; path = RegisterViewModel.swift; sourceTree = "<group>"; };
		A5F2226C2793A0510098D460 /* GoogleService-Info.plist */ = {isa = PBXFileReference; fileEncoding = 4; lastKnownFileType = text.plist.xml; path = "GoogleService-Info.plist"; sourceTree = "<group>"; };
/* End PBXFileReference section */

/* Begin PBXFrameworksBuildPhase section */
		A53B3EF22793394E00799BBE /* Frameworks */ = {
			isa = PBXFrameworksBuildPhase;
			buildActionMask = 2147483647;
			files = (
				A53B3F1027933E5300799BBE /* FirebaseDatabaseSwift-Beta in Frameworks */,
				A53B3F0A27933E5300799BBE /* FirebaseAnalyticsSwift-Beta in Frameworks */,
				A53B3F0C27933E5300799BBE /* FirebaseAuth in Frameworks */,
				A53B3F1227933E5300799BBE /* FirebaseFirestoreSwift-Beta in Frameworks */,
				A53B3F0E27933E5300799BBE /* FirebaseDatabase in Frameworks */,
				A53B3F0827933E5300799BBE /* FirebaseAnalytics in Frameworks */,
			);
			runOnlyForDeploymentPostprocessing = 0;
		};
/* End PBXFrameworksBuildPhase section */

/* Begin PBXGroup section */
		A509B0702794EB4700823FF3 /* FungiList */ = {
			isa = PBXGroup;
			children = (
				A509B0712794EB6800823FF3 /* FungiListViewModel.swift */,
				A509B0732794EB7E00823FF3 /* FungiViewModel.swift */,
				A509B0752794EB8B00823FF3 /* FungiListView.swift */,
			);
			path = FungiList;
			sourceTree = "<group>";
		};
		A53B3EEC2793394E00799BBE = {
			isa = PBXGroup;
			children = (
				A53B3EF72793394E00799BBE /* iw2Pack */,
				A53B3EF62793394E00799BBE /* Products */,
			);
			sourceTree = "<group>";
		};
		A53B3EF62793394E00799BBE /* Products */ = {
			isa = PBXGroup;
			children = (
				A53B3EF52793394E00799BBE /* iw2Pack.app */,
			);
			name = Products;
			sourceTree = "<group>";
		};
		A53B3EF72793394E00799BBE /* iw2Pack */ = {
			isa = PBXGroup;
			children = (
				A5F2226C2793A0510098D460 /* GoogleService-Info.plist */,
				A53B3F1327933FBD00799BBE /* TaskFBTest */,
				A53B3F202793693600799BBE /* Login */,
				A509B0702794EB4700823FF3 /* FungiList */,
				A53B3EF82793394E00799BBE /* iw2PackApp.swift */,
				A53B3EFA2793394E00799BBE /* ContentView.swift */,
				A53B3EFC2793394F00799BBE /* Assets.xcassets */,
				A53B3EFE2793394F00799BBE /* Preview Content */,
			);
			path = iw2Pack;
			sourceTree = "<group>";
		};
		A53B3EFE2793394F00799BBE /* Preview Content */ = {
			isa = PBXGroup;
			children = (
				A53B3EFF2793394F00799BBE /* Preview Assets.xcassets */,
			);
			path = "Preview Content";
			sourceTree = "<group>";
		};
		A53B3F1327933FBD00799BBE /* TaskFBTest */ = {
			isa = PBXGroup;
			children = (
				A53B3F1427933FBD00799BBE /* TasksContentView.swift */,
				A53B3F1527933FBD00799BBE /* TaskDetailView.swift */,
				A53B3F1627933FBD00799BBE /* Task.swift */,
			);
			path = TaskFBTest;
			sourceTree = "<group>";
		};
		A53B3F202793693600799BBE /* Login */ = {
			isa = PBXGroup;
			children = (
				A53B3F2727936B2D00799BBE /* RegisterViewModel.swift */,
				A53B3F2527936AAA00799BBE /* RegisterView.swift */,
				A53B3F23279369E400799BBE /* LoginView.swift */,
				A53B3F212793696700799BBE /* LoginViewModel.swift */,
			);
			path = Login;
			sourceTree = "<group>";
		};
/* End PBXGroup section */

/* Begin PBXNativeTarget section */
		A53B3EF42793394E00799BBE /* iw2Pack */ = {
			isa = PBXNativeTarget;
			buildConfigurationList = A53B3F032793394F00799BBE /* Build configuration list for PBXNativeTarget "iw2Pack" */;
			buildPhases = (
				A53B3EF12793394E00799BBE /* Sources */,
				A53B3EF22793394E00799BBE /* Frameworks */,
				A53B3EF32793394E00799BBE /* Resources */,
			);
			buildRules = (
			);
			dependencies = (
			);
			name = iw2Pack;
			packageProductDependencies = (
				A53B3F0727933E5300799BBE /* FirebaseAnalytics */,
				A53B3F0927933E5300799BBE /* FirebaseAnalyticsSwift-Beta */,
				A53B3F0B27933E5300799BBE /* FirebaseAuth */,
				A53B3F0D27933E5300799BBE /* FirebaseDatabase */,
				A53B3F0F27933E5300799BBE /* FirebaseDatabaseSwift-Beta */,
				A53B3F1127933E5300799BBE /* FirebaseFirestoreSwift-Beta */,
			);
			productName = iw2Pack;
			productReference = A53B3EF52793394E00799BBE /* iw2Pack.app */;
			productType = "com.apple.product-type.application";
		};
/* End PBXNativeTarget section */

/* Begin PBXProject section */
		A53B3EED2793394E00799BBE /* Project object */ = {
			isa = PBXProject;
			attributes = {
				BuildIndependentTargetsInParallel = 1;
				LastSwiftUpdateCheck = 1320;
				LastUpgradeCheck = 1320;
				TargetAttributes = {
					A53B3EF42793394E00799BBE = {
						CreatedOnToolsVersion = 13.2.1;
					};
				};
			};
			buildConfigurationList = A53B3EF02793394E00799BBE /* Build configuration list for PBXProject "iw2Pack" */;
			compatibilityVersion = "Xcode 13.0";
			developmentRegion = en;
			hasScannedForEncodings = 0;
			knownRegions = (
				en,
				Base,
			);
			mainGroup = A53B3EEC2793394E00799BBE;
			packageReferences = (
				A53B3F0627933E5300799BBE /* XCRemoteSwiftPackageReference "firebase-ios-sdk" */,
			);
			productRefGroup = A53B3EF62793394E00799BBE /* Products */;
			projectDirPath = "";
			projectRoot = "";
			targets = (
				A53B3EF42793394E00799BBE /* iw2Pack */,
			);
		};
/* End PBXProject section */

/* Begin PBXResourcesBuildPhase section */
		A53B3EF32793394E00799BBE /* Resources */ = {
			isa = PBXResourcesBuildPhase;
			buildActionMask = 2147483647;
			files = (
				A53B3F002793394F00799BBE /* Preview Assets.xcassets in Resources */,
				A53B3EFD2793394F00799BBE /* Assets.xcassets in Resources */,
				A5F2226D2793A0510098D460 /* GoogleService-Info.plist in Resources */,
			);
			runOnlyForDeploymentPostprocessing = 0;
		};
/* End PBXResourcesBuildPhase section */

/* Begin PBXSourcesBuildPhase section */
		A53B3EF12793394E00799BBE /* Sources */ = {
			isa = PBXSourcesBuildPhase;
			buildActionMask = 2147483647;
			files = (
				A53B3F1827933FBD00799BBE /* TaskDetailView.swift in Sources */,
				A53B3F24279369E400799BBE /* LoginView.swift in Sources */,
				A509B0762794EB8B00823FF3 /* FungiListView.swift in Sources */,
				A509B0722794EB6800823FF3 /* FungiListViewModel.swift in Sources */,
				A53B3EFB2793394E00799BBE /* ContentView.swift in Sources */,
				A53B3F222793696700799BBE /* LoginViewModel.swift in Sources */,
				A53B3F1927933FBD00799BBE /* Task.swift in Sources */,
				A509B0742794EB7E00823FF3 /* FungiViewModel.swift in Sources */,
				A53B3F2627936AAA00799BBE /* RegisterView.swift in Sources */,
				A53B3F1727933FBD00799BBE /* TasksContentView.swift in Sources */,
				A53B3F2827936B2D00799BBE /* RegisterViewModel.swift in Sources */,
				A53B3EF92793394E00799BBE /* iw2PackApp.swift in Sources */,
			);
			runOnlyForDeploymentPostprocessing = 0;
		};
/* End PBXSourcesBuildPhase section */

/* Begin XCBuildConfiguration section */
		A53B3F012793394F00799BBE /* Debug */ = {
			isa = XCBuildConfiguration;
			buildSettings = {
				ALWAYS_SEARCH_USER_PATHS = NO;
				CLANG_ANALYZER_NONNULL = YES;
				CLANG_ANALYZER_NUMBER_OBJECT_CONVERSION = YES_AGGRESSIVE;
				CLANG_CXX_LANGUAGE_STANDARD = "gnu++17";
				CLANG_CXX_LIBRARY = "libc++";
				CLANG_ENABLE_MODULES = YES;
				CLANG_ENABLE_OBJC_ARC = YES;
				CLANG_ENABLE_OBJC_WEAK = YES;
				CLANG_WARN_BLOCK_CAPTURE_AUTORELEASING = YES;
				CLANG_WARN_BOOL_CONVERSION = YES;
				CLANG_WARN_COMMA = YES;
				CLANG_WARN_CONSTANT_CONVERSION = YES;
				CLANG_WARN_DEPRECATED_OBJC_IMPLEMENTATIONS = YES;
				CLANG_WARN_DIRECT_OBJC_ISA_USAGE = YES_ERROR;
				CLANG_WARN_DOCUMENTATION_COMMENTS = YES;
				CLANG_WARN_EMPTY_BODY = YES;
				CLANG_WARN_ENUM_CONVERSION = YES;
				CLANG_WARN_INFINITE_RECURSION = YES;
				CLANG_WARN_INT_CONVERSION = YES;
				CLANG_WARN_NON_LITERAL_NULL_CONVERSION = YES;
				CLANG_WARN_OBJC_IMPLICIT_RETAIN_SELF = YES;
				CLANG_WARN_OBJC_LITERAL_CONVERSION = YES;
				CLANG_WARN_OBJC_ROOT_CLASS = YES_ERROR;
				CLANG_WARN_QUOTED_INCLUDE_IN_FRAMEWORK_HEADER = YES;
				CLANG_WARN_RANGE_LOOP_ANALYSIS = YES;
				CLANG_WARN_STRICT_PROTOTYPES = YES;
				CLANG_WARN_SUSPICIOUS_MOVE = YES;
				CLANG_WARN_UNGUARDED_AVAILABILITY = YES_AGGRESSIVE;
				CLANG_WARN_UNREACHABLE_CODE = YES;
				CLANG_WARN__DUPLICATE_METHOD_MATCH = YES;
				COPY_PHASE_STRIP = NO;
				DEBUG_INFORMATION_FORMAT = dwarf;
				ENABLE_STRICT_OBJC_MSGSEND = YES;
				ENABLE_TESTABILITY = YES;
				GCC_C_LANGUAGE_STANDARD = gnu11;
				GCC_DYNAMIC_NO_PIC = NO;
				GCC_NO_COMMON_BLOCKS = YES;
				GCC_OPTIMIZATION_LEVEL = 0;
				GCC_PREPROCESSOR_DEFINITIONS = (
					"DEBUG=1",
					"$(inherited)",
				);
				GCC_WARN_64_TO_32_BIT_CONVERSION = YES;
				GCC_WARN_ABOUT_RETURN_TYPE = YES_ERROR;
				GCC_WARN_UNDECLARED_SELECTOR = YES;
				GCC_WARN_UNINITIALIZED_AUTOS = YES_AGGRESSIVE;
				GCC_WARN_UNUSED_FUNCTION = YES;
				GCC_WARN_UNUSED_VARIABLE = YES;
				IPHONEOS_DEPLOYMENT_TARGET = 15.2;
				MTL_ENABLE_DEBUG_INFO = INCLUDE_SOURCE;
				MTL_FAST_MATH = YES;
				ONLY_ACTIVE_ARCH = YES;
				SDKROOT = iphoneos;
				SWIFT_ACTIVE_COMPILATION_CONDITIONS = DEBUG;
				SWIFT_OPTIMIZATION_LEVEL = "-Onone";
			};
			name = Debug;
		};
		A53B3F022793394F00799BBE /* Release */ = {
			isa = XCBuildConfiguration;
			buildSettings = {
				ALWAYS_SEARCH_USER_PATHS = NO;
				CLANG_ANALYZER_NONNULL = YES;
				CLANG_ANALYZER_NUMBER_OBJECT_CONVERSION = YES_AGGRESSIVE;
				CLANG_CXX_LANGUAGE_STANDARD = "gnu++17";
				CLANG_CXX_LIBRARY = "libc++";
				CLANG_ENABLE_MODULES = YES;
				CLANG_ENABLE_OBJC_ARC = YES;
				CLANG_ENABLE_OBJC_WEAK = YES;
				CLANG_WARN_BLOCK_CAPTURE_AUTORELEASING = YES;
				CLANG_WARN_BOOL_CONVERSION = YES;
				CLANG_WARN_COMMA = YES;
				CLANG_WARN_CONSTANT_CONVERSION = YES;
				CLANG_WARN_DEPRECATED_OBJC_IMPLEMENTATIONS = YES;
				CLANG_WARN_DIRECT_OBJC_ISA_USAGE = YES_ERROR;
				CLANG_WARN_DOCUMENTATION_COMMENTS = YES;
				CLANG_WARN_EMPTY_BODY = YES;
				CLANG_WARN_ENUM_CONVERSION = YES;
				CLANG_WARN_INFINITE_RECURSION = YES;
				CLANG_WARN_INT_CONVERSION = YES;
				CLANG_WARN_NON_LITERAL_NULL_CONVERSION = YES;
				CLANG_WARN_OBJC_IMPLICIT_RETAIN_SELF = YES;
				CLANG_WARN_OBJC_LITERAL_CONVERSION = YES;
				CLANG_WARN_OBJC_ROOT_CLASS = YES_ERROR;
				CLANG_WARN_QUOTED_INCLUDE_IN_FRAMEWORK_HEADER = YES;
				CLANG_WARN_RANGE_LOOP_ANALYSIS = YES;
				CLANG_WARN_STRICT_PROTOTYPES = YES;
				CLANG_WARN_SUSPICIOUS_MOVE = YES;
				CLANG_WARN_UNGUARDED_AVAILABILITY = YES_AGGRESSIVE;
				CLANG_WARN_UNREACHABLE_CODE = YES;
				CLANG_WARN__DUPLICATE_METHOD_MATCH = YES;
				COPY_PHASE_STRIP = NO;
				DEBUG_INFORMATION_FORMAT = "dwarf-with-dsym";
				ENABLE_NS_ASSERTIONS = NO;
				ENABLE_STRICT_OBJC_MSGSEND = YES;
				GCC_C_LANGUAGE_STANDARD = gnu11;
				GCC_NO_COMMON_BLOCKS = YES;
				GCC_WARN_64_TO_32_BIT_CONVERSION = YES;
				GCC_WARN_ABOUT_RETURN_TYPE = YES_ERROR;
				GCC_WARN_UNDECLARED_SELECTOR = YES;
				GCC_WARN_UNINITIALIZED_AUTOS = YES_AGGRESSIVE;
				GCC_WARN_UNUSED_FUNCTION = YES;
				GCC_WARN_UNUSED_VARIABLE = YES;
				IPHONEOS_DEPLOYMENT_TARGET = 15.2;
				MTL_ENABLE_DEBUG_INFO = NO;
				MTL_FAST_MATH = YES;
				SDKROOT = iphoneos;
				SWIFT_COMPILATION_MODE = wholemodule;
				SWIFT_OPTIMIZATION_LEVEL = "-O";
				VALIDATE_PRODUCT = YES;
			};
			name = Release;
		};
		A53B3F042793394F00799BBE /* Debug */ = {
			isa = XCBuildConfiguration;
			buildSettings = {
				ASSETCATALOG_COMPILER_APPICON_NAME = AppIcon;
				ASSETCATALOG_COMPILER_GLOBAL_ACCENT_COLOR_NAME = AccentColor;
				CODE_SIGN_STYLE = Automatic;
				CURRENT_PROJECT_VERSION = 1;
				DEVELOPMENT_ASSET_PATHS = "\"iw2Pack/Preview Content\"";
				DEVELOPMENT_TEAM = WM9Y6XVZYN;
				ENABLE_PREVIEWS = YES;
				GENERATE_INFOPLIST_FILE = YES;
				INFOPLIST_KEY_UIApplicationSceneManifest_Generation = YES;
				INFOPLIST_KEY_UIApplicationSupportsIndirectInputEvents = YES;
				INFOPLIST_KEY_UILaunchScreen_Generation = YES;
				INFOPLIST_KEY_UISupportedInterfaceOrientations_iPad = "UIInterfaceOrientationPortrait UIInterfaceOrientationPortraitUpsideDown UIInterfaceOrientationLandscapeLeft UIInterfaceOrientationLandscapeRight";
				INFOPLIST_KEY_UISupportedInterfaceOrientations_iPhone = "UIInterfaceOrientationPortrait UIInterfaceOrientationLandscapeLeft UIInterfaceOrientationLandscapeRight";
				LD_RUNPATH_SEARCH_PATHS = (
					"$(inherited)",
					"@executable_path/Frameworks",
				);
				MARKETING_VERSION = 1.0;
				PRODUCT_BUNDLE_IDENTIFIER = com.isyet.iw2Pack;
				PRODUCT_NAME = "$(TARGET_NAME)";
				SWIFT_EMIT_LOC_STRINGS = YES;
				SWIFT_VERSION = 5.0;
				TARGETED_DEVICE_FAMILY = "1,2";
			};
			name = Debug;
		};
		A53B3F052793394F00799BBE /* Release */ = {
			isa = XCBuildConfiguration;
			buildSettings = {
				ASSETCATALOG_COMPILER_APPICON_NAME = AppIcon;
				ASSETCATALOG_COMPILER_GLOBAL_ACCENT_COLOR_NAME = AccentColor;
				CODE_SIGN_STYLE = Automatic;
				CURRENT_PROJECT_VERSION = 1;
				DEVELOPMENT_ASSET_PATHS = "\"iw2Pack/Preview Content\"";
				DEVELOPMENT_TEAM = WM9Y6XVZYN;
				ENABLE_PREVIEWS = YES;
				GENERATE_INFOPLIST_FILE = YES;
				INFOPLIST_KEY_UIApplicationSceneManifest_Generation = YES;
				INFOPLIST_KEY_UIApplicationSupportsIndirectInputEvents = YES;
				INFOPLIST_KEY_UILaunchScreen_Generation = YES;
				INFOPLIST_KEY_UISupportedInterfaceOrientations_iPad = "UIInterfaceOrientationPortrait UIInterfaceOrientationPortraitUpsideDown UIInterfaceOrientationLandscapeLeft UIInterfaceOrientationLandscapeRight";
				INFOPLIST_KEY_UISupportedInterfaceOrientations_iPhone = "UIInterfaceOrientationPortrait UIInterfaceOrientationLandscapeLeft UIInterfaceOrientationLandscapeRight";
				LD_RUNPATH_SEARCH_PATHS = (
					"$(inherited)",
					"@executable_path/Frameworks",
				);
				MARKETING_VERSION = 1.0;
				PRODUCT_BUNDLE_IDENTIFIER = com.isyet.iw2Pack;
				PRODUCT_NAME = "$(TARGET_NAME)";
				SWIFT_EMIT_LOC_STRINGS = YES;
				SWIFT_VERSION = 5.0;
				TARGETED_DEVICE_FAMILY = "1,2";
			};
			name = Release;
		};
/* End XCBuildConfiguration section */

/* Begin XCConfigurationList section */
		A53B3EF02793394E00799BBE /* Build configuration list for PBXProject "iw2Pack" */ = {
			isa = XCConfigurationList;
			buildConfigurations = (
				A53B3F012793394F00799BBE /* Debug */,
				A53B3F022793394F00799BBE /* Release */,
			);
			defaultConfigurationIsVisible = 0;
			defaultConfigurationName = Release;
		};
		A53B3F032793394F00799BBE /* Build configuration list for PBXNativeTarget "iw2Pack" */ = {
			isa = XCConfigurationList;
			buildConfigurations = (
				A53B3F042793394F00799BBE /* Debug */,
				A53B3F052793394F00799BBE /* Release */,
			);
			defaultConfigurationIsVisible = 0;
			defaultConfigurationName = Release;
		};
/* End XCConfigurationList section */

/* Begin XCRemoteSwiftPackageReference section */
		A53B3F0627933E5300799BBE /* XCRemoteSwiftPackageReference "firebase-ios-sdk" */ = {
			isa = XCRemoteSwiftPackageReference;
			repositoryURL = "https://github.com/firebase/firebase-ios-sdk.git";
			requirement = {
				branch = master;
				kind = branch;
			};
		};
/* End XCRemoteSwiftPackageReference section */

/* Begin XCSwiftPackageProductDependency section */
		A53B3F0727933E5300799BBE /* FirebaseAnalytics */ = {
			isa = XCSwiftPackageProductDependency;
			package = A53B3F0627933E5300799BBE /* XCRemoteSwiftPackageReference "firebase-ios-sdk" */;
			productName = FirebaseAnalytics;
		};
		A53B3F0927933E5300799BBE /* FirebaseAnalyticsSwift-Beta */ = {
			isa = XCSwiftPackageProductDependency;
			package = A53B3F0627933E5300799BBE /* XCRemoteSwiftPackageReference "firebase-ios-sdk" */;
			productName = "FirebaseAnalyticsSwift-Beta";
		};
		A53B3F0B27933E5300799BBE /* FirebaseAuth */ = {
			isa = XCSwiftPackageProductDependency;
			package = A53B3F0627933E5300799BBE /* XCRemoteSwiftPackageReference "firebase-ios-sdk" */;
			productName = FirebaseAuth;
		};
		A53B3F0D27933E5300799BBE /* FirebaseDatabase */ = {
			isa = XCSwiftPackageProductDependency;
			package = A53B3F0627933E5300799BBE /* XCRemoteSwiftPackageReference "firebase-ios-sdk" */;
			productName = FirebaseDatabase;
		};
		A53B3F0F27933E5300799BBE /* FirebaseDatabaseSwift-Beta */ = {
			isa = XCSwiftPackageProductDependency;
			package = A53B3F0627933E5300799BBE /* XCRemoteSwiftPackageReference "firebase-ios-sdk" */;
			productName = "FirebaseDatabaseSwift-Beta";
		};
		A53B3F1127933E5300799BBE /* FirebaseFirestoreSwift-Beta */ = {
			isa = XCSwiftPackageProductDependency;
			package = A53B3F0627933E5300799BBE /* XCRemoteSwiftPackageReference "firebase-ios-sdk" */;
			productName = "FirebaseFirestoreSwift-Beta";
		};
/* End XCSwiftPackageProductDependency section */
	};
	rootObject = A53B3EED2793394E00799BBE /* Project object */;
}
